// !$*UTF8*$!
{
	archiveVersion = 1;
	classes = {
	};
	objectVersion = 56;
	objects = {

/* Begin PBXBuildFile section */
		990C9EE4296242AF0039D16D /* menubarApp.swift in Sources */ = {isa = PBXBuildFile; fileRef = 990C9EE3296242AF0039D16D /* menubarApp.swift */; };
		990C9EE6296242AF0039D16D /* ContentView.swift in Sources */ = {isa = PBXBuildFile; fileRef = 990C9EE5296242AF0039D16D /* ContentView.swift */; };
		990C9EE8296242B00039D16D /* Assets.xcassets in Resources */ = {isa = PBXBuildFile; fileRef = 990C9EE7296242B00039D16D /* Assets.xcassets */; };
		990C9EEB296242B00039D16D /* Preview Assets.xcassets in Resources */ = {isa = PBXBuildFile; fileRef = 990C9EEA296242B00039D16D /* Preview Assets.xcassets */; };
		990C9EF6296242B00039D16D /* menubarTests.swift in Sources */ = {isa = PBXBuildFile; fileRef = 990C9EF5296242B00039D16D /* menubarTests.swift */; };
		990C9F00296242B00039D16D /* menubarUITests.swift in Sources */ = {isa = PBXBuildFile; fileRef = 990C9EFF296242B00039D16D /* menubarUITests.swift */; };
		990C9F02296242B00039D16D /* menubarUITestsLaunchTests.swift in Sources */ = {isa = PBXBuildFile; fileRef = 990C9F01296242B00039D16D /* menubarUITestsLaunchTests.swift */; };
		9923C37A2963B1B60069B211 /* AppDelegate.swift in Sources */ = {isa = PBXBuildFile; fileRef = 9923C3792963B1B60069B211 /* AppDelegate.swift */; };
/* End PBXBuildFile section */

/* Begin PBXContainerItemProxy section */
		990C9EF2296242B00039D16D /* PBXContainerItemProxy */ = {
			isa = PBXContainerItemProxy;
			containerPortal = 990C9ED8296242AF0039D16D /* Project object */;
			proxyType = 1;
			remoteGlobalIDString = 990C9EDF296242AF0039D16D;
			remoteInfo = menubar;
		};
		990C9EFC296242B00039D16D /* PBXContainerItemProxy */ = {
			isa = PBXContainerItemProxy;
			containerPortal = 990C9ED8296242AF0039D16D /* Project object */;
			proxyType = 1;
			remoteGlobalIDString = 990C9EDF296242AF0039D16D;
			remoteInfo = menubar;
		};
/* End PBXContainerItemProxy section */

/* Begin PBXFileReference section */
		990C9EE0296242AF0039D16D /* menubar.app */ = {isa = PBXFileReference; explicitFileType = wrapper.application; includeInIndex = 0; path = menubar.app; sourceTree = BUILT_PRODUCTS_DIR; };
		990C9EE3296242AF0039D16D /* menubarApp.swift */ = {isa = PBXFileReference; lastKnownFileType = sourcecode.swift; path = menubarApp.swift; sourceTree = "<group>"; };
		990C9EE5296242AF0039D16D /* ContentView.swift */ = {isa = PBXFileReference; lastKnownFileType = sourcecode.swift; path = ContentView.swift; sourceTree = "<group>"; };
		990C9EE7296242B00039D16D /* Assets.xcassets */ = {isa = PBXFileReference; lastKnownFileType = folder.assetcatalog; path = Assets.xcassets; sourceTree = "<group>"; };
		990C9EEA296242B00039D16D /* Preview Assets.xcassets */ = {isa = PBXFileReference; lastKnownFileType = folder.assetcatalog; path = "Preview Assets.xcassets"; sourceTree = "<group>"; };
		990C9EEC296242B00039D16D /* menubar.entitlements */ = {isa = PBXFileReference; lastKnownFileType = text.plist.entitlements; path = menubar.entitlements; sourceTree = "<group>"; };
		990C9EF1296242B00039D16D /* menubarTests.xctest */ = {isa = PBXFileReference; explicitFileType = wrapper.cfbundle; includeInIndex = 0; path = menubarTests.xctest; sourceTree = BUILT_PRODUCTS_DIR; };
		990C9EF5296242B00039D16D /* menubarTests.swift */ = {isa = PBXFileReference; lastKnownFileType = sourcecode.swift; path = menubarTests.swift; sourceTree = "<group>"; };
		990C9EFB296242B00039D16D /* menubarUITests.xctest */ = {isa = PBXFileReference; explicitFileType = wrapper.cfbundle; includeInIndex = 0; path = menubarUITests.xctest; sourceTree = BUILT_PRODUCTS_DIR; };
		990C9EFF296242B00039D16D /* menubarUITests.swift */ = {isa = PBXFileReference; lastKnownFileType = sourcecode.swift; path = menubarUITests.swift; sourceTree = "<group>"; };
		990C9F01296242B00039D16D /* menubarUITestsLaunchTests.swift */ = {isa = PBXFileReference; lastKnownFileType = sourcecode.swift; path = menubarUITestsLaunchTests.swift; sourceTree = "<group>"; };
		9923C3792963B1B60069B211 /* AppDelegate.swift */ = {isa = PBXFileReference; lastKnownFileType = sourcecode.swift; path = AppDelegate.swift; sourceTree = "<group>"; };
/* End PBXFileReference section */

/* Begin PBXFrameworksBuildPhase section */
		990C9EDD296242AF0039D16D /* Frameworks */ = {
			isa = PBXFrameworksBuildPhase;
			buildActionMask = 2147483647;
			files = (
			);
			runOnlyForDeploymentPostprocessing = 0;
		};
		990C9EEE296242B00039D16D /* Frameworks */ = {
			isa = PBXFrameworksBuildPhase;
			buildActionMask = 2147483647;
			files = (
			);
			runOnlyForDeploymentPostprocessing = 0;
		};
		990C9EF8296242B00039D16D /* Frameworks */ = {
			isa = PBXFrameworksBuildPhase;
			buildActionMask = 2147483647;
			files = (
			);
			runOnlyForDeploymentPostprocessing = 0;
		};
/* End PBXFrameworksBuildPhase section */

/* Begin PBXGroup section */
		990C9ED7296242AF0039D16D = {
			isa = PBXGroup;
			children = (
				990C9EE2296242AF0039D16D /* menubar */,
				990C9EF4296242B00039D16D /* menubarTests */,
				990C9EFE296242B00039D16D /* menubarUITests */,
				990C9EE1296242AF0039D16D /* Products */,
			);
			sourceTree = "<group>";
		};
		990C9EE1296242AF0039D16D /* Products */ = {
			isa = PBXGroup;
			children = (
				990C9EE0296242AF0039D16D /* menubar.app */,
				990C9EF1296242B00039D16D /* menubarTests.xctest */,
				990C9EFB296242B00039D16D /* menubarUITests.xctest */,
			);
			name = Products;
			sourceTree = "<group>";
		};
		990C9EE2296242AF0039D16D /* menubar */ = {
			isa = PBXGroup;
			children = (
				990C9EE3296242AF0039D16D /* menubarApp.swift */,
				990C9EE5296242AF0039D16D /* ContentView.swift */,
				990C9EE7296242B00039D16D /* Assets.xcassets */,
				990C9EEC296242B00039D16D /* menubar.entitlements */,
				990C9EE9296242B00039D16D /* Preview Content */,
				9923C3792963B1B60069B211 /* AppDelegate.swift */,
			);
			path = menubar;
			sourceTree = "<group>";
		};
		990C9EE9296242B00039D16D /* Preview Content */ = {
			isa = PBXGroup;
			children = (
				990C9EEA296242B00039D16D /* Preview Assets.xcassets */,
			);
			path = "Preview Content";
			sourceTree = "<group>";
		};
		990C9EF4296242B00039D16D /* menubarTests */ = {
			isa = PBXGroup;
			children = (
				990C9EF5296242B00039D16D /* menubarTests.swift */,
			);
			path = menubarTests;
			sourceTree = "<group>";
		};
		990C9EFE296242B00039D16D /* menubarUITests */ = {
			isa = PBXGroup;
			children = (
				990C9EFF296242B00039D16D /* menubarUITests.swift */,
				990C9F01296242B00039D16D /* menubarUITestsLaunchTests.swift */,
			);
			path = menubarUITests;
			sourceTree = "<group>";
		};
/* End PBXGroup section */

/* Begin PBXNativeTarget section */
		990C9EDF296242AF0039D16D /* menubar */ = {
			isa = PBXNativeTarget;
			buildConfigurationList = 990C9F05296242B00039D16D /* Build configuration list for PBXNativeTarget "menubar" */;
			buildPhases = (
				990C9EDC296242AF0039D16D /* Sources */,
				990C9EDD296242AF0039D16D /* Frameworks */,
				990C9EDE296242AF0039D16D /* Resources */,
			);
			buildRules = (
			);
			dependencies = (
			);
			name = menubar;
			productName = menubar;
			productReference = 990C9EE0296242AF0039D16D /* menubar.app */;
			productType = "com.apple.product-type.application";
		};
		990C9EF0296242B00039D16D /* menubarTests */ = {
			isa = PBXNativeTarget;
			buildConfigurationList = 990C9F08296242B00039D16D /* Build configuration list for PBXNativeTarget "menubarTests" */;
			buildPhases = (
				990C9EED296242B00039D16D /* Sources */,
				990C9EEE296242B00039D16D /* Frameworks */,
				990C9EEF296242B00039D16D /* Resources */,
			);
			buildRules = (
			);
			dependencies = (
				990C9EF3296242B00039D16D /* PBXTargetDependency */,
			);
			name = menubarTests;
			productName = menubarTests;
			productReference = 990C9EF1296242B00039D16D /* menubarTests.xctest */;
			productType = "com.apple.product-type.bundle.unit-test";
		};
		990C9EFA296242B00039D16D /* menubarUITests */ = {
			isa = PBXNativeTarget;
			buildConfigurationList = 990C9F0B296242B00039D16D /* Build configuration list for PBXNativeTarget "menubarUITests" */;
			buildPhases = (
				990C9EF7296242B00039D16D /* Sources */,
				990C9EF8296242B00039D16D /* Frameworks */,
				990C9EF9296242B00039D16D /* Resources */,
			);
			buildRules = (
			);
			dependencies = (
				990C9EFD296242B00039D16D /* PBXTargetDependency */,
			);
			name = menubarUITests;
			productName = menubarUITests;
			productReference = 990C9EFB296242B00039D16D /* menubarUITests.xctest */;
			productType = "com.apple.product-type.bundle.ui-testing";
		};
/* End PBXNativeTarget section */

/* Begin PBXProject section */
		990C9ED8296242AF0039D16D /* Project object */ = {
			isa = PBXProject;
			attributes = {
				BuildIndependentTargetsInParallel = 1;
				LastSwiftUpdateCheck = 1420;
				LastUpgradeCheck = 1420;
				TargetAttributes = {
					990C9EDF296242AF0039D16D = {
						CreatedOnToolsVersion = 14.2;
					};
					990C9EF0296242B00039D16D = {
						CreatedOnToolsVersion = 14.2;
						TestTargetID = 990C9EDF296242AF0039D16D;
					};
					990C9EFA296242B00039D16D = {
						CreatedOnToolsVersion = 14.2;
						TestTargetID = 990C9EDF296242AF0039D16D;
					};
				};
			};
			buildConfigurationList = 990C9EDB296242AF0039D16D /* Build configuration list for PBXProject "menubar" */;
			compatibilityVersion = "Xcode 14.0";
			developmentRegion = en;
			hasScannedForEncodings = 0;
			knownRegions = (
				en,
				Base,
			);
			mainGroup = 990C9ED7296242AF0039D16D;
			productRefGroup = 990C9EE1296242AF0039D16D /* Products */;
			projectDirPath = "";
			projectRoot = "";
			targets = (
				990C9EDF296242AF0039D16D /* menubar */,
				990C9EF0296242B00039D16D /* menubarTests */,
				990C9EFA296242B00039D16D /* menubarUITests */,
			);
		};
/* End PBXProject section */

/* Begin PBXResourcesBuildPhase section */
		990C9EDE296242AF0039D16D /* Resources */ = {
			isa = PBXResourcesBuildPhase;
			buildActionMask = 2147483647;
			files = (
				990C9EEB296242B00039D16D /* Preview Assets.xcassets in Resources */,
				990C9EE8296242B00039D16D /* Assets.xcassets in Resources */,
			);
			runOnlyForDeploymentPostprocessing = 0;
		};
		990C9EEF296242B00039D16D /* Resources */ = {
			isa = PBXResourcesBuildPhase;
			buildActionMask = 2147483647;
			files = (
			);
			runOnlyForDeploymentPostprocessing = 0;
		};
		990C9EF9296242B00039D16D /* Resources */ = {
			isa = PBXResourcesBuildPhase;
			buildActionMask = 2147483647;
			files = (
			);
			runOnlyForDeploymentPostprocessing = 0;
		};
/* End PBXResourcesBuildPhase section */

/* Begin PBXSourcesBuildPhase section */
		990C9EDC296242AF0039D16D /* Sources */ = {
			isa = PBXSourcesBuildPhase;
			buildActionMask = 2147483647;
			files = (
				9923C37A2963B1B60069B211 /* AppDelegate.swift in Sources */,
				990C9EE6296242AF0039D16D /* ContentView.swift in Sources */,
				990C9EE4296242AF0039D16D /* menubarApp.swift in Sources */,
			);
			runOnlyForDeploymentPostprocessing = 0;
		};
		990C9EED296242B00039D16D /* Sources */ = {
			isa = PBXSourcesBuildPhase;
			buildActionMask = 2147483647;
			files = (
				990C9EF6296242B00039D16D /* menubarTests.swift in Sources */,
			);
			runOnlyForDeploymentPostprocessing = 0;
		};
		990C9EF7296242B00039D16D /* Sources */ = {
			isa = PBXSourcesBuildPhase;
			buildActionMask = 2147483647;
			files = (
				990C9F00296242B00039D16D /* menubarUITests.swift in Sources */,
				990C9F02296242B00039D16D /* menubarUITestsLaunchTests.swift in Sources */,
			);
			runOnlyForDeploymentPostprocessing = 0;
		};
/* End PBXSourcesBuildPhase section */

/* Begin PBXTargetDependency section */
		990C9EF3296242B00039D16D /* PBXTargetDependency */ = {
			isa = PBXTargetDependency;
			target = 990C9EDF296242AF0039D16D /* menubar */;
			targetProxy = 990C9EF2296242B00039D16D /* PBXContainerItemProxy */;
		};
		990C9EFD296242B00039D16D /* PBXTargetDependency */ = {
			isa = PBXTargetDependency;
			target = 990C9EDF296242AF0039D16D /* menubar */;
			targetProxy = 990C9EFC296242B00039D16D /* PBXContainerItemProxy */;
		};
/* End PBXTargetDependency section */

/* Begin XCBuildConfiguration section */
		990C9F03296242B00039D16D /* Debug */ = {
			isa = XCBuildConfiguration;
			buildSettings = {
				ALWAYS_SEARCH_USER_PATHS = NO;
				CLANG_ANALYZER_NONNULL = YES;
				CLANG_ANALYZER_NUMBER_OBJECT_CONVERSION = YES_AGGRESSIVE;
				CLANG_CXX_LANGUAGE_STANDARD = "gnu++20";
				CLANG_ENABLE_MODULES = YES;
				CLANG_ENABLE_OBJC_ARC = YES;
				CLANG_ENABLE_OBJC_WEAK = YES;
				CLANG_WARN_BLOCK_CAPTURE_AUTORELEASING = YES;
				CLANG_WARN_BOOL_CONVERSION = YES;
				CLANG_WARN_COMMA = YES;
				CLANG_WARN_CONSTANT_CONVERSION = YES;
				CLANG_WARN_DEPRECATED_OBJC_IMPLEMENTATIONS = YES;
				CLANG_WARN_DIRECT_OBJC_ISA_USAGE = YES_ERROR;
				CLANG_WARN_DOCUMENTATION_COMMENTS = YES;
				CLANG_WARN_EMPTY_BODY = YES;
				CLANG_WARN_ENUM_CONVERSION = YES;
				CLANG_WARN_INFINITE_RECURSION = YES;
				CLANG_WARN_INT_CONVERSION = YES;
				CLANG_WARN_NON_LITERAL_NULL_CONVERSION = YES;
				CLANG_WARN_OBJC_IMPLICIT_RETAIN_SELF = YES;
				CLANG_WARN_OBJC_LITERAL_CONVERSION = YES;
				CLANG_WARN_OBJC_ROOT_CLASS = YES_ERROR;
				CLANG_WARN_QUOTED_INCLUDE_IN_FRAMEWORK_HEADER = YES;
				CLANG_WARN_RANGE_LOOP_ANALYSIS = YES;
				CLANG_WARN_STRICT_PROTOTYPES = YES;
				CLANG_WARN_SUSPICIOUS_MOVE = YES;
				CLANG_WARN_UNGUARDED_AVAILABILITY = YES_AGGRESSIVE;
				CLANG_WARN_UNREACHABLE_CODE = YES;
				CLANG_WARN__DUPLICATE_METHOD_MATCH = YES;
				COPY_PHASE_STRIP = NO;
				DEBUG_INFORMATION_FORMAT = dwarf;
				ENABLE_STRICT_OBJC_MSGSEND = YES;
				ENABLE_TESTABILITY = YES;
				GCC_C_LANGUAGE_STANDARD = gnu11;
				GCC_DYNAMIC_NO_PIC = NO;
				GCC_NO_COMMON_BLOCKS = YES;
				GCC_OPTIMIZATION_LEVEL = 0;
				GCC_PREPROCESSOR_DEFINITIONS = (
					"DEBUG=1",
					"$(inherited)",
				);
				GCC_WARN_64_TO_32_BIT_CONVERSION = YES;
				GCC_WARN_ABOUT_RETURN_TYPE = YES_ERROR;
				GCC_WARN_UNDECLARED_SELECTOR = YES;
				GCC_WARN_UNINITIALIZED_AUTOS = YES_AGGRESSIVE;
				GCC_WARN_UNUSED_FUNCTION = YES;
				GCC_WARN_UNUSED_VARIABLE = YES;
				MACOSX_DEPLOYMENT_TARGET = 13.1;
				MTL_ENABLE_DEBUG_INFO = INCLUDE_SOURCE;
				MTL_FAST_MATH = YES;
				ONLY_ACTIVE_ARCH = YES;
				SDKROOT = macosx;
				SWIFT_ACTIVE_COMPILATION_CONDITIONS = DEBUG;
				SWIFT_OPTIMIZATION_LEVEL = "-Onone";
			};
			name = Debug;
		};
		990C9F04296242B00039D16D /* Release */ = {
			isa = XCBuildConfiguration;
			buildSettings = {
				ALWAYS_SEARCH_USER_PATHS = NO;
				CLANG_ANALYZER_NONNULL = YES;
				CLANG_ANALYZER_NUMBER_OBJECT_CONVERSION = YES_AGGRESSIVE;
				CLANG_CXX_LANGUAGE_STANDARD = "gnu++20";
				CLANG_ENABLE_MODULES = YES;
				CLANG_ENABLE_OBJC_ARC = YES;
				CLANG_ENABLE_OBJC_WEAK = YES;
				CLANG_WARN_BLOCK_CAPTURE_AUTORELEASING = YES;
				CLANG_WARN_BOOL_CONVERSION = YES;
				CLANG_WARN_COMMA = YES;
				CLANG_WARN_CONSTANT_CONVERSION = YES;
				CLANG_WARN_DEPRECATED_OBJC_IMPLEMENTATIONS = YES;
				CLANG_WARN_DIRECT_OBJC_ISA_USAGE = YES_ERROR;
				CLANG_WARN_DOCUMENTATION_COMMENTS = YES;
				CLANG_WARN_EMPTY_BODY = YES;
				CLANG_WARN_ENUM_CONVERSION = YES;
				CLANG_WARN_INFINITE_RECURSION = YES;
				CLANG_WARN_INT_CONVERSION = YES;
				CLANG_WARN_NON_LITERAL_NULL_CONVERSION = YES;
				CLANG_WARN_OBJC_IMPLICIT_RETAIN_SELF = YES;
				CLANG_WARN_OBJC_LITERAL_CONVERSION = YES;
				CLANG_WARN_OBJC_ROOT_CLASS = YES_ERROR;
				CLANG_WARN_QUOTED_INCLUDE_IN_FRAMEWORK_HEADER = YES;
				CLANG_WARN_RANGE_LOOP_ANALYSIS = YES;
				CLANG_WARN_STRICT_PROTOTYPES = YES;
				CLANG_WARN_SUSPICIOUS_MOVE = YES;
				CLANG_WARN_UNGUARDED_AVAILABILITY = YES_AGGRESSIVE;
				CLANG_WARN_UNREACHABLE_CODE = YES;
				CLANG_WARN__DUPLICATE_METHOD_MATCH = YES;
				COPY_PHASE_STRIP = NO;
				DEBUG_INFORMATION_FORMAT = "dwarf-with-dsym";
				ENABLE_NS_ASSERTIONS = NO;
				ENABLE_STRICT_OBJC_MSGSEND = YES;
				GCC_C_LANGUAGE_STANDARD = gnu11;
				GCC_NO_COMMON_BLOCKS = YES;
				GCC_WARN_64_TO_32_BIT_CONVERSION = YES;
				GCC_WARN_ABOUT_RETURN_TYPE = YES_ERROR;
				GCC_WARN_UNDECLARED_SELECTOR = YES;
				GCC_WARN_UNINITIALIZED_AUTOS = YES_AGGRESSIVE;
				GCC_WARN_UNUSED_FUNCTION = YES;
				GCC_WARN_UNUSED_VARIABLE = YES;
				MACOSX_DEPLOYMENT_TARGET = 13.1;
				MTL_ENABLE_DEBUG_INFO = NO;
				MTL_FAST_MATH = YES;
				SDKROOT = macosx;
				SWIFT_COMPILATION_MODE = wholemodule;
				SWIFT_OPTIMIZATION_LEVEL = "-O";
			};
			name = Release;
		};
		990C9F06296242B00039D16D /* Debug */ = {
			isa = XCBuildConfiguration;
			buildSettings = {
				ASSETCATALOG_COMPILER_APPICON_NAME = AppIcon;
				ASSETCATALOG_COMPILER_GLOBAL_ACCENT_COLOR_NAME = AccentColor;
				CODE_SIGN_ENTITLEMENTS = menubar/menubar.entitlements;
				CODE_SIGN_STYLE = Automatic;
				COMBINE_HIDPI_IMAGES = YES;
				CURRENT_PROJECT_VERSION = 1;
				DEVELOPMENT_ASSET_PATHS = "\"menubar/Preview Content\"";
				ENABLE_PREVIEWS = YES;
				GENERATE_INFOPLIST_FILE = YES;
				INFOPLIST_KEY_NSHumanReadableCopyright = "";
				LD_RUNPATH_SEARCH_PATHS = (
					"$(inherited)",
					"@executable_path/../Frameworks",
				);
				MARKETING_VERSION = 1.0;
				PRODUCT_BUNDLE_IDENTIFIER = com.nocompany.menubar;
				PRODUCT_NAME = "$(TARGET_NAME)";
				SWIFT_EMIT_LOC_STRINGS = YES;
				SWIFT_VERSION = 5.0;
			};
			name = Debug;
		};
		990C9F07296242B00039D16D /* Release */ = {
			isa = XCBuildConfiguration;
			buildSettings = {
				ASSETCATALOG_COMPILER_APPICON_NAME = AppIcon;
				ASSETCATALOG_COMPILER_GLOBAL_ACCENT_COLOR_NAME = AccentColor;
				CODE_SIGN_ENTITLEMENTS = menubar/menubar.entitlements;
				CODE_SIGN_STYLE = Automatic;
				COMBINE_HIDPI_IMAGES = YES;
				CURRENT_PROJECT_VERSION = 1;
				DEVELOPMENT_ASSET_PATHS = "\"menubar/Preview Content\"";
				ENABLE_PREVIEWS = YES;
				GENERATE_INFOPLIST_FILE = YES;
				INFOPLIST_KEY_NSHumanReadableCopyright = "";
				LD_RUNPATH_SEARCH_PATHS = (
					"$(inherited)",
					"@executable_path/../Frameworks",
				);
				MARKETING_VERSION = 1.0;
				PRODUCT_BUNDLE_IDENTIFIER = com.nocompany.menubar;
				PRODUCT_NAME = "$(TARGET_NAME)";
				SWIFT_EMIT_LOC_STRINGS = YES;
				SWIFT_VERSION = 5.0;
			};
			name = Release;
		};
		990C9F09296242B00039D16D /* Debug */ = {
			isa = XCBuildConfiguration;
			buildSettings = {
				ALWAYS_EMBED_SWIFT_STANDARD_LIBRARIES = YES;
				BUNDLE_LOADER = "$(TEST_HOST)";
				CODE_SIGN_STYLE = Automatic;
				CURRENT_PROJECT_VERSION = 1;
				GENERATE_INFOPLIST_FILE = YES;
				MACOSX_DEPLOYMENT_TARGET = 13.1;
				MARKETING_VERSION = 1.0;
				PRODUCT_BUNDLE_IDENTIFIER = com.nocompany.menubarTests;
				PRODUCT_NAME = "$(TARGET_NAME)";
				SWIFT_EMIT_LOC_STRINGS = NO;
				SWIFT_VERSION = 5.0;
				TEST_HOST = "$(BUILT_PRODUCTS_DIR)/menubar.app/$(BUNDLE_EXECUTABLE_FOLDER_PATH)/menubar";
			};
			name = Debug;
		};
		990C9F0A296242B00039D16D /* Release */ = {
			isa = XCBuildConfiguration;
			buildSettings = {
				ALWAYS_EMBED_SWIFT_STANDARD_LIBRARIES = YES;
				BUNDLE_LOADER = "$(TEST_HOST)";
				CODE_SIGN_STYLE = Automatic;
				CURRENT_PROJECT_VERSION = 1;
				GENERATE_INFOPLIST_FILE = YES;
				MACOSX_DEPLOYMENT_TARGET = 13.1;
				MARKETING_VERSION = 1.0;
				PRODUCT_BUNDLE_IDENTIFIER = com.nocompany.menubarTests;
				PRODUCT_NAME = "$(TARGET_NAME)";
				SWIFT_EMIT_LOC_STRINGS = NO;
				SWIFT_VERSION = 5.0;
				TEST_HOST = "$(BUILT_PRODUCTS_DIR)/menubar.app/$(BUNDLE_EXECUTABLE_FOLDER_PATH)/menubar";
			};
			name = Release;
		};
		990C9F0C296242B00039D16D /* Debug */ = {
			isa = XCBuildConfiguration;
			buildSettings = {
				ALWAYS_EMBED_SWIFT_STANDARD_LIBRARIES = YES;
				CODE_SIGN_STYLE = Automatic;
				CURRENT_PROJECT_VERSION = 1;
				GENERATE_INFOPLIST_FILE = YES;
				MARKETING_VERSION = 1.0;
				PRODUCT_BUNDLE_IDENTIFIER = com.nocompany.menubarUITests;
				PRODUCT_NAME = "$(TARGET_NAME)";
				SWIFT_EMIT_LOC_STRINGS = NO;
				SWIFT_VERSION = 5.0;
				TEST_TARGET_NAME = menubar;
			};
			name = Debug;
		};
		990C9F0D296242B00039D16D /* Release */ = {
			isa = XCBuildConfiguration;
			buildSettings = {
				ALWAYS_EMBED_SWIFT_STANDARD_LIBRARIES = YES;
				CODE_SIGN_STYLE = Automatic;
				CURRENT_PROJECT_VERSION = 1;
				GENERATE_INFOPLIST_FILE = YES;
				MARKETING_VERSION = 1.0;
				PRODUCT_BUNDLE_IDENTIFIER = com.nocompany.menubarUITests;
				PRODUCT_NAME = "$(TARGET_NAME)";
				SWIFT_EMIT_LOC_STRINGS = NO;
				SWIFT_VERSION = 5.0;
				TEST_TARGET_NAME = menubar;
			};
			name = Release;
		};
/* End XCBuildConfiguration section */

/* Begin XCConfigurationList section */
		990C9EDB296242AF0039D16D /* Build configuration list for PBXProject "menubar" */ = {
			isa = XCConfigurationList;
			buildConfigurations = (
				990C9F03296242B00039D16D /* Debug */,
				990C9F04296242B00039D16D /* Release */,
			);
			defaultConfigurationIsVisible = 0;
			defaultConfigurationName = Release;
		};
		990C9F05296242B00039D16D /* Build configuration list for PBXNativeTarget "menubar" */ = {
			isa = XCConfigurationList;
			buildConfigurations = (
				990C9F06296242B00039D16D /* Debug */,
				990C9F07296242B00039D16D /* Release */,
			);
			defaultConfigurationIsVisible = 0;
			defaultConfigurationName = Release;
		};
		990C9F08296242B00039D16D /* Build configuration list for PBXNativeTarget "menubarTests" */ = {
			isa = XCConfigurationList;
			buildConfigurations = (
				990C9F09296242B00039D16D /* Debug */,
				990C9F0A296242B00039D16D /* Release */,
			);
			defaultConfigurationIsVisible = 0;
			defaultConfigurationName = Release;
		};
		990C9F0B296242B00039D16D /* Build configuration list for PBXNativeTarget "menubarUITests" */ = {
			isa = XCConfigurationList;
			buildConfigurations = (
				990C9F0C296242B00039D16D /* Debug */,
				990C9F0D296242B00039D16D /* Release */,
			);
			defaultConfigurationIsVisible = 0;
			defaultConfigurationName = Release;
		};
/* End XCConfigurationList section */
	};
	rootObject = 990C9ED8296242AF0039D16D /* Project object */;
}
